// !$*UTF8*$!
{
	archiveVersion = 1;
	classes = {
	};
	objectVersion = 77;
	objects = {

/* Begin PBXBuildFile section */
		65067D6A30206C0700781513 /* AppDelegate.swift in Sources */ = {isa = PBXBuildFile; fileRef = 65067D6930206C0700781513 /* AppDelegate.swift */; };
		65067D6E30206C0700781513 /* Main.html in Resources */ = {isa = PBXBuildFile; fileRef = 65067D6C30206C0700781513 /* Main.html */; };
		65067D7030206C0700781513 /* Icon.png in Resources */ = {isa = PBXBuildFile; fileRef = 65067D6F30206C0700781513 /* Icon.png */; };
		65067D7230206C0700781513 /* Style.css in Resources */ = {isa = PBXBuildFile; fileRef = 65067D7130206C0700781513 /* Style.css */; };
		65067D7430206C0700781513 /* Script.js in Resources */ = {isa = PBXBuildFile; fileRef = 65067D7330206C0700781513 /* Script.js */; };
		65067D7630206C0700781513 /* ViewController.swift in Sources */ = {isa = PBXBuildFile; fileRef = 65067D7530206C0700781513 /* ViewController.swift */; };
		65067D7930206C0700781513 /* Main.storyboard in Resources */ = {isa = PBXBuildFile; fileRef = 65067D7730206C0700781513 /* Main.storyboard */; };
		65067D7B30206C0800781513 /* Assets.xcassets in Resources */ = {isa = PBXBuildFile; fileRef = 65067D7A30206C0800781513 /* Assets.xcassets */; };
		65067D8230206C0900781513 /* Agent HUD Bridge Extension.appex in Embed Foundation Extensions */ = {isa = PBXBuildFile; fileRef = 65067D8130206C0900781513 /* Agent HUD Bridge Extension.appex */; settings = {ATTRIBUTES = (RemoveHeadersOnCopy, ); }; };
		65067D8730206C0900781513 /* SafariWebExtensionHandler.swift in Sources */ = {isa = PBXBuildFile; fileRef = 65067D8630206C0900781513 /* SafariWebExtensionHandler.swift */; };
		65067D9930206C0900781513 /* claude.js in Resources */ = {isa = PBXBuildFile; fileRef = 65067D9330206C0900781513 /* claude.js */; };
		65067D9A30206C0900781513 /* bg.js in Resources */ = {isa = PBXBuildFile; fileRef = 65067D9430206C0900781513 /* bg.js */; };
		65067D9B30206C0900781513 /* youtube.js in Resources */ = {isa = PBXBuildFile; fileRef = 65067D9530206C0900781513 /* youtube.js */; };
		65067D9C30206C0900781513 /* README.md in Resources */ = {isa = PBXBuildFile; fileRef = 65067D9630206C0900781513 /* README.md */; };
		65067D9D30206C0900781513 /* manifest.json in Resources */ = {isa = PBXBuildFile; fileRef = 65067D9730206C0900781513 /* manifest.json */; };
		65067D9E30206C0900781513 /* chatgpt.js in Resources */ = {isa = PBXBuildFile; fileRef = 65067D9830206C0900781513 /* chatgpt.js */; };
/* End PBXBuildFile section */

/* Begin PBXContainerItemProxy section */
		65067D8330206C0900781513 /* PBXContainerItemProxy */ = {
			isa = PBXContainerItemProxy;
			containerPortal = 65067D5E30206C0700781513 /* Project object */;
			proxyType = 1;
			remoteGlobalIDString = 65067D8030206C0900781513;
			remoteInfo = "Agent HUD Bridge Extension";
		};
/* End PBXContainerItemProxy section */

/* Begin PBXCopyFilesBuildPhase section */
		65067D8E30206C0900781513 /* Embed Foundation Extensions */ = {
			isa = PBXCopyFilesBuildPhase;
			buildActionMask = 2147483647;
			dstPath = "";
			dstSubfolderSpec = 13;
			files = (
				65067D8230206C0900781513 /* Agent HUD Bridge Extension.appex in Embed Foundation Extensions */,
			);
			name = "Embed Foundation Extensions";
			runOnlyForDeploymentPostprocessing = 0;
		};
/* End PBXCopyFilesBuildPhase section */

/* Begin PBXFileReference section */
		65067D6630206C0700781513 /* Agent HUD Bridge.app */ = {isa = PBXFileReference; explicitFileType = wrapper.application; includeInIndex = 0; path = "Agent HUD Bridge.app"; sourceTree = BUILT_PRODUCTS_DIR; };
		65067D6930206C0700781513 /* AppDelegate.swift */ = {isa = PBXFileReference; lastKnownFileType = sourcecode.swift; path = AppDelegate.swift; sourceTree = "<group>"; };
		65067D6D30206C0700781513 /* Base */ = {isa = PBXFileReference; lastKnownFileType = text.html; name = Base; path = Base.lproj/Main.html; sourceTree = "<group>"; };
		65067D6F30206C0700781513 /* Icon.png */ = {isa = PBXFileReference; lastKnownFileType = image.png; path = Icon.png; sourceTree = "<group>"; };
		65067D7130206C0700781513 /* Style.css */ = {isa = PBXFileReference; lastKnownFileType = text.css; path = Style.css; sourceTree = "<group>"; };
		65067D7330206C0700781513 /* Script.js */ = {isa = PBXFileReference; lastKnownFileType = sourcecode.javascript; path = Script.js; sourceTree = "<group>"; };
		65067D7530206C0700781513 /* ViewController.swift */ = {isa = PBXFileReference; lastKnownFileType = sourcecode.swift; path = ViewController.swift; sourceTree = "<group>"; };
		65067D7830206C0700781513 /* Base */ = {isa = PBXFileReference; lastKnownFileType = file.storyboard; name = Base; path = Base.lproj/Main.storyboard; sourceTree = "<group>"; };
		65067D7A30206C0800781513 /* Assets.xcassets */ = {isa = PBXFileReference; lastKnownFileType = folder.assetcatalog; path = Assets.xcassets; sourceTree = "<group>"; };
		65067D7C30206C0900781513 /* Info.plist */ = {isa = PBXFileReference; lastKnownFileType = text.plist.xml; path = Info.plist; sourceTree = "<group>"; };
		65067D8130206C0900781513 /* Agent HUD Bridge Extension.appex */ = {isa = PBXFileReference; explicitFileType = "wrapper.app-extension"; includeInIndex = 0; path = "Agent HUD Bridge Extension.appex"; sourceTree = BUILT_PRODUCTS_DIR; };
		65067D8630206C0900781513 /* SafariWebExtensionHandler.swift */ = {isa = PBXFileReference; lastKnownFileType = sourcecode.swift; path = SafariWebExtensionHandler.swift; sourceTree = "<group>"; };
		65067D8830206C0900781513 /* Info.plist */ = {isa = PBXFileReference; lastKnownFileType = text.plist.xml; path = Info.plist; sourceTree = "<group>"; };
		65067D9330206C0900781513 /* claude.js */ = {isa = PBXFileReference; lastKnownFileType = sourcecode.javascript; name = claude.js; path = ../../../extension/claude.js; sourceTree = "<group>"; };
		65067D9430206C0900781513 /* bg.js */ = {isa = PBXFileReference; lastKnownFileType = sourcecode.javascript; name = bg.js; path = ../../../extension/bg.js; sourceTree = "<group>"; };
		65067D9530206C0900781513 /* youtube.js */ = {isa = PBXFileReference; lastKnownFileType = sourcecode.javascript; name = youtube.js; path = ../../../extension/youtube.js; sourceTree = "<group>"; };
		65067D9630206C0900781513 /* README.md */ = {isa = PBXFileReference; lastKnownFileType = net.daringfireball.markdown; name = README.md; path = ../../../extension/README.md; sourceTree = "<group>"; };
		65067D9730206C0900781513 /* manifest.json */ = {isa = PBXFileReference; lastKnownFileType = text.json; name = manifest.json; path = ../../../extension/manifest.json; sourceTree = "<group>"; };
		65067D9830206C0900781513 /* chatgpt.js */ = {isa = PBXFileReference; lastKnownFileType = sourcecode.javascript; name = chatgpt.js; path = ../../../extension/chatgpt.js; sourceTree = "<group>"; };
/* End PBXFileReference section */

/* Begin PBXFrameworksBuildPhase section */
		65067D6330206C0700781513 /* Frameworks */ = {
			isa = PBXFrameworksBuildPhase;
			buildActionMask = 2147483647;
			files = (
			);
			runOnlyForDeploymentPostprocessing = 0;
		};
		65067D7E30206C0900781513 /* Frameworks */ = {
			isa = PBXFrameworksBuildPhase;
			buildActionMask = 2147483647;
			files = (
			);
			runOnlyForDeploymentPostprocessing = 0;
		};
/* End PBXFrameworksBuildPhase section */

/* Begin PBXGroup section */
		65067D5D30206C0700781513 = {
			isa = PBXGroup;
			children = (
				65067D6830206C0700781513 /* Agent HUD Bridge */,
				65067D8530206C0900781513 /* Agent HUD Bridge Extension */,
				65067D6730206C0700781513 /* Products */,
			);
			sourceTree = "<group>";
		};
		65067D6730206C0700781513 /* Products */ = {
			isa = PBXGroup;
			children = (
				65067D6630206C0700781513 /* Agent HUD Bridge.app */,
				65067D8130206C0900781513 /* Agent HUD Bridge Extension.appex */,
			);
			name = Products;
			sourceTree = "<group>";
		};
		65067D6830206C0700781513 /* Agent HUD Bridge */ = {
			isa = PBXGroup;
			children = (
				65067D6930206C0700781513 /* AppDelegate.swift */,
				65067D7530206C0700781513 /* ViewController.swift */,
				65067D7730206C0700781513 /* Main.storyboard */,
				65067D7A30206C0800781513 /* Assets.xcassets */,
				65067D7C30206C0900781513 /* Info.plist */,
				65067D6B30206C0700781513 /* Resources */,
			);
			path = "Agent HUD Bridge";
			sourceTree = "<group>";
		};
		65067D6B30206C0700781513 /* Resources */ = {
			isa = PBXGroup;
			children = (
				65067D6C30206C0700781513 /* Main.html */,
				65067D6F30206C0700781513 /* Icon.png */,
				65067D7130206C0700781513 /* Style.css */,
				65067D7330206C0700781513 /* Script.js */,
			);
			path = Resources;
			sourceTree = "<group>";
		};
		65067D8530206C0900781513 /* Agent HUD Bridge Extension */ = {
			isa = PBXGroup;
			children = (
				65067D9230206C0900781513 /* Resources */,
				65067D8630206C0900781513 /* SafariWebExtensionHandler.swift */,
				65067D8830206C0900781513 /* Info.plist */,
			);
			path = "Agent HUD Bridge Extension";
			sourceTree = "<group>";
		};
		65067D9230206C0900781513 /* Resources */ = {
			isa = PBXGroup;
			children = (
				65067D9330206C0900781513 /* claude.js */,
				65067D9430206C0900781513 /* bg.js */,
				65067D9530206C0900781513 /* youtube.js */,
				65067D9630206C0900781513 /* README.md */,
				65067D9730206C0900781513 /* manifest.json */,
				65067D9830206C0900781513 /* chatgpt.js */,
			);
			name = Resources;
			path = "Agent HUD Bridge Extension";
			sourceTree = SOURCE_ROOT;
		};
/* End PBXGroup section */

/* Begin PBXNativeTarget section */
		65067D6530206C0700781513 /* Agent HUD Bridge */ = {
			isa = PBXNativeTarget;
			buildConfigurationList = 65067D8F30206C0900781513 /* Build configuration list for PBXNativeTarget "Agent HUD Bridge" */;
			buildPhases = (
				65067D6230206C0700781513 /* Sources */,
				65067D6330206C0700781513 /* Frameworks */,
				65067D6430206C0700781513 /* Resources */,
				65067D8E30206C0900781513 /* Embed Foundation Extensions */,
			);
			buildRules = (
			);
			dependencies = (
				65067D8430206C0900781513 /* PBXTargetDependency */,
			);
			name = "Agent HUD Bridge";
			packageProductDependencies = (
			);
			productName = "Agent HUD Bridge";
			productReference = 65067D6630206C0700781513 /* Agent HUD Bridge.app */;
			productType = "com.apple.product-type.application";
		};
		65067D8030206C0900781513 /* Agent HUD Bridge Extension */ = {
			isa = PBXNativeTarget;
			buildConfigurationList = 65067D8B30206C0900781513 /* Build configuration list for PBXNativeTarget "Agent HUD Bridge Extension" */;
			buildPhases = (
				65067D7D30206C0900781513 /* Sources */,
				65067D7E30206C0900781513 /* Frameworks */,
				65067D7F30206C0900781513 /* Resources */,
			);
			buildRules = (
			);
			dependencies = (
			);
			name = "Agent HUD Bridge Extension";
			packageProductDependencies = (
			);
			productName = "Agent HUD Bridge Extension";
			productReference = 65067D8130206C0900781513 /* Agent HUD Bridge Extension.appex */;
			productType = "com.apple.product-type.app-extension";
		};
/* End PBXNativeTarget section */

/* Begin PBXProject section */
		65067D5E30206C0700781513 /* Project object */ = {
			isa = PBXProject;
			attributes = {
				BuildIndependentTargetsInParallel = 1;
				LastSwiftUpdateCheck = 2660;
				LastUpgradeCheck = 2660;
				TargetAttributes = {
					65067D6530206C0700781513 = {
						CreatedOnToolsVersion = 26.6;
					};
					65067D8030206C0900781513 = {
						CreatedOnToolsVersion = 26.6;
					};
				};
			};
			buildConfigurationList = 65067D6130206C0700781513 /* Build configuration list for PBXProject "Agent HUD Bridge" */;
			developmentRegion = en;
			hasScannedForEncodings = 0;
			knownRegions = (
				en,
				Base,
			);
			mainGroup = 65067D5D30206C0700781513;
			minimizedProjectReferenceProxies = 1;
			preferredProjectObjectVersion = 77;
			productRefGroup = 65067D6730206C0700781513 /* Products */;
			projectDirPath = "";
			projectRoot = "";
			targets = (
				65067D6530206C0700781513 /* Agent HUD Bridge */,
				65067D8030206C0900781513 /* Agent HUD Bridge Extension */,
			);
		};
/* End PBXProject section */

/* Begin PBXResourcesBuildPhase section */
		65067D6430206C0700781513 /* Resources */ = {
			isa = PBXResourcesBuildPhase;
			buildActionMask = 2147483647;
			files = (
				65067D7030206C0700781513 /* Icon.png in Resources */,
				65067D7930206C0700781513 /* Main.storyboard in Resources */,
				65067D7430206C0700781513 /* Script.js in Resources */,
				65067D6E30206C0700781513 /* Main.html in Resources */,
				65067D7B30206C0800781513 /* Assets.xcassets in Resources */,
				65067D7230206C0700781513 /* Style.css in Resources */,
			);
			runOnlyForDeploymentPostprocessing = 0;
		};
		65067D7F30206C0900781513 /* Resources */ = {
			isa = PBXResourcesBuildPhase;
			buildActionMask = 2147483647;
			files = (
				65067D9930206C0900781513 /* claude.js in Resources */,
				65067D9A30206C0900781513 /* bg.js in Resources */,
				65067D9E30206C0900781513 /* chatgpt.js in Resources */,
				65067D9D30206C0900781513 /* manifest.json in Resources */,
				65067D9C30206C0900781513 /* README.md in Resources */,
				65067D9B30206C0900781513 /* youtube.js in Resources */,
			);
			runOnlyForDeploymentPostprocessing = 0;
		};
/* End PBXResourcesBuildPhase section */

/* Begin PBXSourcesBuildPhase section */
		65067D6230206C0700781513 /* Sources */ = {
			isa = PBXSourcesBuildPhase;
			buildActionMask = 2147483647;
			files = (
				65067D7630206C0700781513 /* ViewController.swift in Sources */,
				65067D6A30206C0700781513 /* AppDelegate.swift in Sources */,
			);
			runOnlyForDeploymentPostprocessing = 0;
		};
		65067D7D30206C0900781513 /* Sources */ = {
			isa = PBXSourcesBuildPhase;
			buildActionMask = 2147483647;
			files = (
				65067D8730206C0900781513 /* SafariWebExtensionHandler.swift in Sources */,
			);
			runOnlyForDeploymentPostprocessing = 0;
		};
/* End PBXSourcesBuildPhase section */

/* Begin PBXTargetDependency section */
		65067D8430206C0900781513 /* PBXTargetDependency */ = {
			isa = PBXTargetDependency;
			target = 65067D8030206C0900781513 /* Agent HUD Bridge Extension */;
			targetProxy = 65067D8330206C0900781513 /* PBXContainerItemProxy */;
		};
/* End PBXTargetDependency section */

/* Begin PBXVariantGroup section */
		65067D6C30206C0700781513 /* Main.html */ = {
			isa = PBXVariantGroup;
			children = (
				65067D6D30206C0700781513 /* Base */,
			);
			name = Main.html;
			sourceTree = "<group>";
		};
		65067D7730206C0700781513 /* Main.storyboard */ = {
			isa = PBXVariantGroup;
			children = (
				65067D7830206C0700781513 /* Base */,
			);
			name = Main.storyboard;
			sourceTree = "<group>";
		};
/* End PBXVariantGroup section */

/* Begin XCBuildConfiguration section */
		65067D8930206C0900781513 /* Debug */ = {
			isa = XCBuildConfiguration;
			buildSettings = {
				ALWAYS_SEARCH_USER_PATHS = NO;
				ASSETCATALOG_COMPILER_GENERATE_SWIFT_ASSET_SYMBOL_EXTENSIONS = YES;
				CLANG_ANALYZER_NONNULL = YES;
				CLANG_ANALYZER_NUMBER_OBJECT_CONVERSION = YES_AGGRESSIVE;
				CLANG_CXX_LANGUAGE_STANDARD = "gnu++20";
				CLANG_ENABLE_MODULES = YES;
				CLANG_ENABLE_OBJC_ARC = YES;
				CLANG_ENABLE_OBJC_WEAK = YES;
				CLANG_WARN_BLOCK_CAPTURE_AUTORELEASING = YES;
				CLANG_WARN_BOOL_CONVERSION = YES;
				CLANG_WARN_COMMA = YES;
				CLANG_WARN_CONSTANT_CONVERSION = YES;
				CLANG_WARN_DEPRECATED_OBJC_IMPLEMENTATIONS = YES;
				CLANG_WARN_DIRECT_OBJC_ISA_USAGE = YES_ERROR;
				CLANG_WARN_DOCUMENTATION_COMMENTS = YES;
				CLANG_WARN_EMPTY_BODY = YES;
				CLANG_WARN_ENUM_CONVERSION = YES;
				CLANG_WARN_INFINITE_RECURSION = YES;
				CLANG_WARN_INT_CONVERSION = YES;
				CLANG_WARN_NON_LITERAL_NULL_CONVERSION = YES;
				CLANG_WARN_OBJC_IMPLICIT_RETAIN_SELF = YES;
				CLANG_WARN_OBJC_LITERAL_CONVERSION = YES;
				CLANG_WARN_OBJC_ROOT_CLASS = YES_ERROR;
				CLANG_WARN_QUOTED_INCLUDE_IN_FRAMEWORK_HEADER = YES;
				CLANG_WARN_RANGE_LOOP_ANALYSIS = YES;
				CLANG_WARN_STRICT_PROTOTYPES = YES;
				CLANG_WARN_SUSPICIOUS_MOVE = YES;
				CLANG_WARN_UNGUARDED_AVAILABILITY = YES_AGGRESSIVE;
				CLANG_WARN_UNREACHABLE_CODE = YES;
				CLANG_WARN__DUPLICATE_METHOD_MATCH = YES;
				COPY_PHASE_STRIP = NO;
				DEBUG_INFORMATION_FORMAT = dwarf;
				ENABLE_STRICT_OBJC_MSGSEND = YES;
				ENABLE_TESTABILITY = YES;
				ENABLE_USER_SCRIPT_SANDBOXING = YES;
				GCC_C_LANGUAGE_STANDARD = gnu17;
				GCC_DYNAMIC_NO_PIC = NO;
				GCC_NO_COMMON_BLOCKS = YES;
				GCC_OPTIMIZATION_LEVEL = 0;
				GCC_PREPROCESSOR_DEFINITIONS = (
					"DEBUG=1",
					"$(inherited)",
				);
				GCC_WARN_64_TO_32_BIT_CONVERSION = YES;
				GCC_WARN_ABOUT_RETURN_TYPE = YES_ERROR;
				GCC_WARN_UNDECLARED_SELECTOR = YES;
				GCC_WARN_UNINITIALIZED_AUTOS = YES_AGGRESSIVE;
				GCC_WARN_UNUSED_FUNCTION = YES;
				GCC_WARN_UNUSED_VARIABLE = YES;
				LOCALIZATION_PREFERS_STRING_CATALOGS = YES;
				MACOSX_DEPLOYMENT_TARGET = 26.3;
				MTL_ENABLE_DEBUG_INFO = INCLUDE_SOURCE;
				MTL_FAST_MATH = YES;
				ONLY_ACTIVE_ARCH = YES;
				SDKROOT = macosx;
				SWIFT_ACTIVE_COMPILATION_CONDITIONS = "DEBUG $(inherited)";
				SWIFT_OPTIMIZATION_LEVEL = "-Onone";
			};
			name = Debug;
		};
		65067D8A30206C0900781513 /* Release */ = {
			isa = XCBuildConfiguration;
			buildSettings = {
				ALWAYS_SEARCH_USER_PATHS = NO;
				ASSETCATALOG_COMPILER_GENERATE_SWIFT_ASSET_SYMBOL_EXTENSIONS = YES;
				CLANG_ANALYZER_NONNULL = YES;
				CLANG_ANALYZER_NUMBER_OBJECT_CONVERSION = YES_AGGRESSIVE;
				CLANG_CXX_LANGUAGE_STANDARD = "gnu++20";
				CLANG_ENABLE_MODULES = YES;
				CLANG_ENABLE_OBJC_ARC = YES;
				CLANG_ENABLE_OBJC_WEAK = YES;
				CLANG_WARN_BLOCK_CAPTURE_AUTORELEASING = YES;
				CLANG_WARN_BOOL_CONVERSION = YES;
				CLANG_WARN_COMMA = YES;
				CLANG_WARN_CONSTANT_CONVERSION = YES;
				CLANG_WARN_DEPRECATED_OBJC_IMPLEMENTATIONS = YES;
				CLANG_WARN_DIRECT_OBJC_ISA_USAGE = YES_ERROR;
				CLANG_WARN_DOCUMENTATION_COMMENTS = YES;
				CLANG_WARN_EMPTY_BODY = YES;
				CLANG_WARN_ENUM_CONVERSION = YES;
				CLANG_WARN_INFINITE_RECURSION = YES;
				CLANG_WARN_INT_CONVERSION = YES;
				CLANG_WARN_NON_LITERAL_NULL_CONVERSION = YES;
				CLANG_WARN_OBJC_IMPLICIT_RETAIN_SELF = YES;
				CLANG_WARN_OBJC_LITERAL_CONVERSION = YES;
				CLANG_WARN_OBJC_ROOT_CLASS = YES_ERROR;
				CLANG_WARN_QUOTED_INCLUDE_IN_FRAMEWORK_HEADER = YES;
				CLANG_WARN_RANGE_LOOP_ANALYSIS = YES;
				CLANG_WARN_STRICT_PROTOTYPES = YES;
				CLANG_WARN_SUSPICIOUS_MOVE = YES;
				CLANG_WARN_UNGUARDED_AVAILABILITY = YES_AGGRESSIVE;
				CLANG_WARN_UNREACHABLE_CODE = YES;
				CLANG_WARN__DUPLICATE_METHOD_MATCH = YES;
				COPY_PHASE_STRIP = NO;
				DEBUG_INFORMATION_FORMAT = "dwarf-with-dsym";
				ENABLE_NS_ASSERTIONS = NO;
				ENABLE_STRICT_OBJC_MSGSEND = YES;
				ENABLE_USER_SCRIPT_SANDBOXING = YES;
				GCC_C_LANGUAGE_STANDARD = gnu17;
				GCC_NO_COMMON_BLOCKS = YES;
				GCC_WARN_64_TO_32_BIT_CONVERSION = YES;
				GCC_WARN_ABOUT_RETURN_TYPE = YES_ERROR;
				GCC_WARN_UNDECLARED_SELECTOR = YES;
				GCC_WARN_UNINITIALIZED_AUTOS = YES_AGGRESSIVE;
				GCC_WARN_UNUSED_FUNCTION = YES;
				GCC_WARN_UNUSED_VARIABLE = YES;
				LOCALIZATION_PREFERS_STRING_CATALOGS = YES;
				MACOSX_DEPLOYMENT_TARGET = 26.3;
				MTL_ENABLE_DEBUG_INFO = NO;
				MTL_FAST_MATH = YES;
				SDKROOT = macosx;
				SWIFT_COMPILATION_MODE = wholemodule;
			};
			name = Release;
		};
		65067D8C30206C0900781513 /* Debug */ = {
			isa = XCBuildConfiguration;
			buildSettings = {
				CODE_SIGN_STYLE = Automatic;
				CURRENT_PROJECT_VERSION = 1;
				ENABLE_APP_SANDBOX = YES;
				ENABLE_HARDENED_RUNTIME = YES;
				ENABLE_USER_SELECTED_FILES = readonly;
				GENERATE_INFOPLIST_FILE = YES;
				INFOPLIST_FILE = "Agent HUD Bridge Extension/Info.plist";
				INFOPLIST_KEY_CFBundleDisplayName = "Agent HUD Bridge Extension";
				INFOPLIST_KEY_NSHumanReadableCopyright = "";
				LD_RUNPATH_SEARCH_PATHS = (
					"$(inherited)",
					"@executable_path/../Frameworks",
					"@executable_path/../../../../Frameworks",
				);
				MACOSX_DEPLOYMENT_TARGET = 10.14;
				MARKETING_VERSION = 1.0;
				OTHER_LDFLAGS = (
					"-framework",
					SafariServices,
				);
				PRODUCT_BUNDLE_IDENTIFIER = dev.dhruv.agenthud.bridge.Extension;
				PRODUCT_NAME = "$(TARGET_NAME)";
				SKIP_INSTALL = YES;
				STRING_CATALOG_GENERATE_SYMBOLS = YES;
				SWIFT_APPROACHABLE_CONCURRENCY = YES;
				SWIFT_EMIT_LOC_STRINGS = YES;
				SWIFT_UPCOMING_FEATURE_MEMBER_IMPORT_VISIBILITY = YES;
				SWIFT_VERSION = 5.0;
			};
			name = Debug;
		};
		65067D8D30206C0900781513 /* Release */ = {
			isa = XCBuildConfiguration;
			buildSettings = {
				CODE_SIGN_STYLE = Automatic;
				CURRENT_PROJECT_VERSION = 1;
				ENABLE_APP_SANDBOX = YES;
				ENABLE_HARDENED_RUNTIME = YES;
				ENABLE_USER_SELECTED_FILES = readonly;
				GENERATE_INFOPLIST_FILE = YES;
				INFOPLIST_FILE = "Agent HUD Bridge Extension/Info.plist";
				INFOPLIST_KEY_CFBundleDisplayName = "Agent HUD Bridge Extension";
				INFOPLIST_KEY_NSHumanReadableCopyright = "";
				LD_RUNPATH_SEARCH_PATHS = (
					"$(inherited)",
					"@executable_path/../Frameworks",
					"@executable_path/../../../../Frameworks",
				);
				MACOSX_DEPLOYMENT_TARGET = 10.14;
				MARKETING_VERSION = 1.0;
				OTHER_LDFLAGS = (
					"-framework",
					SafariServices,
				);
				PRODUCT_BUNDLE_IDENTIFIER = dev.dhruv.agenthud.bridge.Extension;
				PRODUCT_NAME = "$(TARGET_NAME)";
				SKIP_INSTALL = YES;
				STRING_CATALOG_GENERATE_SYMBOLS = YES;
				SWIFT_APPROACHABLE_CONCURRENCY = YES;
				SWIFT_EMIT_LOC_STRINGS = YES;
				SWIFT_UPCOMING_FEATURE_MEMBER_IMPORT_VISIBILITY = YES;
				SWIFT_VERSION = 5.0;
			};
			name = Release;
		};
		65067D9030206C0900781513 /* Debug */ = {
			isa = XCBuildConfiguration;
			buildSettings = {
				ASSETCATALOG_COMPILER_APPICON_NAME = AppIcon;
				ASSETCATALOG_COMPILER_GLOBAL_ACCENT_COLOR_NAME = AccentColor;
				CODE_SIGN_STYLE = Automatic;
				COMBINE_HIDPI_IMAGES = YES;
				CURRENT_PROJECT_VERSION = 1;
				ENABLE_APP_SANDBOX = YES;
				ENABLE_HARDENED_RUNTIME = YES;
				ENABLE_OUTGOING_NETWORK_CONNECTIONS = YES;
				ENABLE_USER_SELECTED_FILES = readonly;
				GENERATE_INFOPLIST_FILE = YES;
				INFOPLIST_FILE = "Agent HUD Bridge/Info.plist";
				INFOPLIST_KEY_CFBundleDisplayName = "Agent HUD Bridge";
				INFOPLIST_KEY_NSHumanReadableCopyright = "";
				INFOPLIST_KEY_NSMainStoryboardFile = Main;
				INFOPLIST_KEY_NSPrincipalClass = NSApplication;
				LD_RUNPATH_SEARCH_PATHS = (
					"$(inherited)",
					"@executable_path/../Frameworks",
				);
				MARKETING_VERSION = 1.0;
				OTHER_LDFLAGS = (
					"-framework",
					SafariServices,
					"-framework",
					WebKit,
				);
				PRODUCT_BUNDLE_IDENTIFIER = dev.dhruv.agenthud.bridge;
				PRODUCT_NAME = "$(TARGET_NAME)";
				REGISTER_APP_GROUPS = YES;
				STRING_CATALOG_GENERATE_SYMBOLS = YES;
				SWIFT_APPROACHABLE_CONCURRENCY = YES;
				SWIFT_DEFAULT_ACTOR_ISOLATION = MainActor;
				SWIFT_EMIT_LOC_STRINGS = YES;
				SWIFT_UPCOMING_FEATURE_MEMBER_IMPORT_VISIBILITY = YES;
				SWIFT_VERSION = 5.0;
			};
			name = Debug;
		};
		65067D9130206C0900781513 /* Release */ = {
			isa = XCBuildConfiguration;
			buildSettings = {
				ASSETCATALOG_COMPILER_APPICON_NAME = AppIcon;
				ASSETCATALOG_COMPILER_GLOBAL_ACCENT_COLOR_NAME = AccentColor;
				CODE_SIGN_STYLE = Automatic;
				COMBINE_HIDPI_IMAGES = YES;
				CURRENT_PROJECT_VERSION = 1;
				ENABLE_APP_SANDBOX = YES;
				ENABLE_HARDENED_RUNTIME = YES;
				ENABLE_OUTGOING_NETWORK_CONNECTIONS = YES;
				ENABLE_USER_SELECTED_FILES = readonly;
				GENERATE_INFOPLIST_FILE = YES;
				INFOPLIST_FILE = "Agent HUD Bridge/Info.plist";
				INFOPLIST_KEY_CFBundleDisplayName = "Agent HUD Bridge";
				INFOPLIST_KEY_NSHumanReadableCopyright = "";
				INFOPLIST_KEY_NSMainStoryboardFile = Main;
				INFOPLIST_KEY_NSPrincipalClass = NSApplication;
				LD_RUNPATH_SEARCH_PATHS = (
					"$(inherited)",
					"@executable_path/../Frameworks",
				);
				MARKETING_VERSION = 1.0;
				OTHER_LDFLAGS = (
					"-framework",
					SafariServices,
					"-framework",
					WebKit,
				);
				PRODUCT_BUNDLE_IDENTIFIER = dev.dhruv.agenthud.bridge;
				PRODUCT_NAME = "$(TARGET_NAME)";
				REGISTER_APP_GROUPS = YES;
				STRING_CATALOG_GENERATE_SYMBOLS = YES;
				SWIFT_APPROACHABLE_CONCURRENCY = YES;
				SWIFT_DEFAULT_ACTOR_ISOLATION = MainActor;
				SWIFT_EMIT_LOC_STRINGS = YES;
				SWIFT_UPCOMING_FEATURE_MEMBER_IMPORT_VISIBILITY = YES;
				SWIFT_VERSION = 5.0;
			};
			name = Release;
		};
/* End XCBuildConfiguration section */

/* Begin XCConfigurationList section */
		65067D6130206C0700781513 /* Build configuration list for PBXProject "Agent HUD Bridge" */ = {
			isa = XCConfigurationList;
			buildConfigurations = (
				65067D8930206C0900781513 /* Debug */,
				65067D8A30206C0900781513 /* Release */,
			);
			defaultConfigurationIsVisible = 0;
			defaultConfigurationName = Release;
		};
		65067D8B30206C0900781513 /* Build configuration list for PBXNativeTarget "Agent HUD Bridge Extension" */ = {
			isa = XCConfigurationList;
			buildConfigurations = (
				65067D8C30206C0900781513 /* Debug */,
				65067D8D30206C0900781513 /* Release */,
			);
			defaultConfigurationIsVisible = 0;
			defaultConfigurationName = Release;
		};
		65067D8F30206C0900781513 /* Build configuration list for PBXNativeTarget "Agent HUD Bridge" */ = {
			isa = XCConfigurationList;
			buildConfigurations = (
				65067D9030206C0900781513 /* Debug */,
				65067D9130206C0900781513 /* Release */,
			);
			defaultConfigurationIsVisible = 0;
			defaultConfigurationName = Release;
		};
/* End XCConfigurationList section */
	};
	rootObject = 65067D5E30206C0700781513 /* Project object */;
}
